dependencies:
  espressif/esp-dsp:
    component_hash: fa7fe74305df6da25867437ebcd4213e047cbfc0556cf92067ab657fce537c6e
    dependencies:
    - name: idf
      require: private
      version: '>=4.2'
    source:
      registry_url: https://components.espressif.com/
      type: service
    version: 1.5.2
  espressif/esp-zboss-lib:
    component_hash: fad683f7e04366398b61c0eea6e6517d4fe7ec4112407e26743dc80bafc0dcdc
    dependencies:
    - name: idf
      require: private
      version: '>=5.0'
    source:
      registry_url: https://components.espressif.com/
      type: service
    version: 1.6.0
  espressif/esp-zigbee-lib:
    component_hash: 0026979f590d7f2b07f433bb0fd031a12b0c2cc0eec8584b59cb6e567d5afd82
    dependencies:
    - name: idf
      require: private
      version: '>=5.0'
    source:
      registry_url: https://components.espressif.com/
      type: service
    version: 1.6.0
  espressif/esp_modem:
    component_hash: 681d7c8417ce0f2a11a562c6998b7b379a4847be41d84673c11c0c7a6b00e918
    dependencies:
    - name: idf
      require: private
      version: '>=4.1'
    source:
      registry_url: https://components.espressif.com/
      type: service
    version: 1.3.0
  espressif/mdns:
    component_hash: 4e21149422be01c24d4b1d4dec64fa07d136d8c5d234e931f3ebf375cbde51a0
    dependencies:
    - name: idf
      require: private
      version: '>=5.0'
    source:
      registry_url: https://components.espressif.com/
      type: service
    version: 1.5.2
  idf:
    source:
      type: idf
    version: 5.1.5
  joltwallet/littlefs:
    component_hash: cc23c607cbc8671bc03b1b1b39ae13d8f5e8e23771e0b1c66599d04ecd0a3527
    dependencies:
    - name: idf
      require: private
      version: '>=4.3'
    source:
      registry_url: https://components.espressif.com/
      type: service
    version: 1.16.2
direct_dependencies:
- espressif/esp-dsp
- espressif/esp-zboss-lib
- espressif/esp-zigbee-lib
- espressif/esp_modem
- espressif/mdns
- idf
- joltwallet/littlefs
manifest_hash: 1dddfe69a4a2d5a02d6bc7acfe9f792431f541cbdbfb7129debb28a86a17b938
target: esp32h2
version: 2.0.0
