dependencies:
  espressif/esp-dsp:
    component_hash: 619639efc18cfa361a9e423739b9b0ffc14991effc6c027f955c2f2c3bf1754b
    dependencies:
    - name: idf
      require: private
      version: '>=4.2'
    source:
      registry_url: https://components.espressif.com/
      type: service
    version: 1.6.0
  espressif/esp32-camera:
    component_hash: ecb1bf4963bd277e8adc891096b3a9f753175c6a8e667c2a94074fd61426053f
    dependencies: []
    source:
      git: https://github.com/espressif/esp32-camera.git
      path: .
      type: git
    version: 4467667b71f22a4c7db226f24105a9350abe7a05
  espressif/esp_modem:
    component_hash: b541c3f5765d3ba062c0d004b9ca6da6d0af908293421c2dbe046c537fb2a011
    dependencies:
    - name: idf
      require: private
      version: '>=4.1'
    source:
      registry_url: https://components.espressif.com/
      type: service
    version: 1.4.0
  espressif/mdns:
    component_hash: 3ec0af5f6bce310512e90f482388d21cc7c0e99668172d2f895356165fc6f7c5
    dependencies:
    - name: idf
      require: private
      version: '>=5.0'
    source:
      registry_url: https://components.espressif.com/
      type: service
    version: 1.8.2
  idf:
    source:
      type: idf
    version: 5.3.3
  joltwallet/littlefs:
    component_hash: 34b8c56a14f10b440845fe972ce34ef41d1d205bcb139b3dfc58983a10abf59b
    dependencies:
    - name: idf
      require: private
      version: '>=5.0'
    source:
      registry_url: https://components.espressif.com/
      type: service
    version: 1.19.1
direct_dependencies:
- espressif/esp-dsp
- espressif/esp32-camera
- espressif/esp_modem
- espressif/mdns
- idf
- joltwallet/littlefs
manifest_hash: 34b90bcac71533046386da4da7d39564feff0e944a8050af8e9c531df4c7371d
target: esp32s3
version: 2.0.0
