dependencies:
  espressif/esp-dsp:
    component_hash: fa7fe74305df6da25867437ebcd4213e047cbfc0556cf92067ab657fce537c6e
    dependencies:
    - name: idf
      require: private
      version: '>=4.2'
    source:
      registry_url: https://components.espressif.com/
      type: service
    version: 1.5.2
  espressif/mdns:
    component_hash: 4e21149422be01c24d4b1d4dec64fa07d136d8c5d234e931f3ebf375cbde51a0
    dependencies:
    - name: idf
      require: private
      version: '>=5.0'
    source:
      registry_url: https://components.espressif.com/
      type: service
    version: 1.5.2
  idf:
    source:
      type: idf
    version: 5.1.5
  joltwallet/littlefs:
    component_hash: cc23c607cbc8671bc03b1b1b39ae13d8f5e8e23771e0b1c66599d04ecd0a3527
    dependencies:
    - name: idf
      require: private
      version: '>=4.3'
    source:
      registry_url: https://components.espressif.com/
      type: service
    version: 1.16.2
direct_dependencies:
- espressif/esp-dsp
- espressif/mdns
- idf
- joltwallet/littlefs
manifest_hash: 1dddfe69a4a2d5a02d6bc7acfe9f792431f541cbdbfb7129debb28a86a17b938
target: esp32c6
version: 2.0.0
